
Microsoft Visual Studio Solution File, Format Version 12.00
# Visual Studio 15
VisualStudioVersion = 15.0.28307.106
MinimumVisualStudioVersion = 10.0.40219.1
Project("{FAE04EC0-301F-11D3-BF4B-00C04F79EFBC}") = "GAPEvaluation", "GAPEvaluation\GAPEvaluation.csproj", "{EE0DE875-3282-42D0-BE2C-488A79F890F0}"
EndProject
Project("{FAE04EC0-301F-11D3-BF4B-00C04F79EFBC}") = "GAPEvaluation.Domain", "GAPEvaluation.Domain\GAPEvaluation.Domain.csproj", "{2FB2FD08-CF7D-4863-9416-27D5F9A70539}"
EndProject
Project("{FAE04EC0-301F-11D3-BF4B-00C04F79EFBC}") = "GAPEvaluation.Common", "GAPEvaluation.Common\GAPEvaluation.Common.csproj", "{E83B6D11-58D8-4CB5-A470-C6ECA7A7223B}"
EndProject
Project("{FAE04EC0-301F-11D3-BF4B-00C04F79EFBC}") = "GAPEvaluation.Api", "GAPEvaluation.Api\GAPEvaluation.Api.csproj", "{A02AAD5C-47A1-4F93-A6F9-D7A399E531C7}"
EndProject
Global
	GlobalSection(SolutionConfigurationPlatforms) = preSolution
		Debug|Any CPU = Debug|Any CPU
		Release|Any CPU = Release|Any CPU
	EndGlobalSection
	GlobalSection(ProjectConfigurationPlatforms) = postSolution
		{EE0DE875-3282-42D0-BE2C-488A79F890F0}.Debug|Any CPU.ActiveCfg = Debug|Any CPU
		{EE0DE875-3282-42D0-BE2C-488A79F890F0}.Debug|Any CPU.Build.0 = Debug|Any CPU
		{EE0DE875-3282-42D0-BE2C-488A79F890F0}.Release|Any CPU.ActiveCfg = Release|Any CPU
		{EE0DE875-3282-42D0-BE2C-488A79F890F0}.Release|Any CPU.Build.0 = Release|Any CPU
		{2FB2FD08-CF7D-4863-9416-27D5F9A70539}.Debug|Any CPU.ActiveCfg = Debug|Any CPU
		{2FB2FD08-CF7D-4863-9416-27D5F9A70539}.Debug|Any CPU.Build.0 = Debug|Any CPU
		{2FB2FD08-CF7D-4863-9416-27D5F9A70539}.Release|Any CPU.ActiveCfg = Release|Any CPU
		{2FB2FD08-CF7D-4863-9416-27D5F9A70539}.Release|Any CPU.Build.0 = Release|Any CPU
		{E83B6D11-58D8-4CB5-A470-C6ECA7A7223B}.Debug|Any CPU.ActiveCfg = Debug|Any CPU
		{E83B6D11-58D8-4CB5-A470-C6ECA7A7223B}.Debug|Any CPU.Build.0 = Debug|Any CPU
		{E83B6D11-58D8-4CB5-A470-C6ECA7A7223B}.Release|Any CPU.ActiveCfg = Release|Any CPU
		{E83B6D11-58D8-4CB5-A470-C6ECA7A7223B}.Release|Any CPU.Build.0 = Release|Any CPU
		{A02AAD5C-47A1-4F93-A6F9-D7A399E531C7}.Debug|Any CPU.ActiveCfg = Debug|Any CPU
		{A02AAD5C-47A1-4F93-A6F9-D7A399E531C7}.Debug|Any CPU.Build.0 = Debug|Any CPU
		{A02AAD5C-47A1-4F93-A6F9-D7A399E531C7}.Release|Any CPU.ActiveCfg = Release|Any CPU
		{A02AAD5C-47A1-4F93-A6F9-D7A399E531C7}.Release|Any CPU.Build.0 = Release|Any CPU
	EndGlobalSection
	GlobalSection(SolutionProperties) = preSolution
		HideSolutionNode = FALSE
	EndGlobalSection
	GlobalSection(ExtensibilityGlobals) = postSolution
		SolutionGuid = {DFCA0903-4F17-4D59-A073-27E2E9674100}
	EndGlobalSection
EndGlobal
